
Microsoft Visual Studio Solution File, Format Version 12.00
# Visual Studio Version 17
VisualStudioVersion = 17.9.34728.123
MinimumVisualStudioVersion = 10.0.40219.1
Project("{9A19103F-16F7-4668-BE54-9A1E7A4F7556}") = "EmployeeMgtAPI", "EmployeeMgtAPI.csproj", "{EC8946E3-1BC8-4BFE-9426-D2982B845A4C}"
EndProject
Global
	GlobalSection(SolutionConfigurationPlatforms) = preSolution
		Debug|Any CPU = Debug|Any CPU
		Release|Any CPU = Release|Any CPU
	EndGlobalSection
	GlobalSection(ProjectConfigurationPlatforms) = postSolution
		{EC8946E3-1BC8-4BFE-9426-D2982B845A4C}.Debug|Any CPU.ActiveCfg = Debug|Any CPU
		{EC8946E3-1BC8-4BFE-9426-D2982B845A4C}.Debug|Any CPU.Build.0 = Debug|Any CPU
		{EC8946E3-1BC8-4BFE-9426-D2982B845A4C}.Release|Any CPU.ActiveCfg = Release|Any CPU
		{EC8946E3-1BC8-4BFE-9426-D2982B845A4C}.Release|Any CPU.Build.0 = Release|Any CPU
	EndGlobalSection
	GlobalSection(SolutionProperties) = preSolution
		HideSolutionNode = FALSE
	EndGlobalSection
	GlobalSection(ExtensibilityGlobals) = postSolution
		SolutionGuid = {E6BC4531-23FC-4634-8424-A399BC0325DB}
	EndGlobalSection
EndGlobal
